
Microsoft Visual Studio Solution File, Format Version 12.00
# Visual Studio Version 17
VisualStudioVersion = 17.14.36310.24 d17.14
MinimumVisualStudioVersion = 10.0.40219.1
Project("{FAE04EC0-301F-11D3-BF4B-00C04F79EFBC}") = "Activity29", "Activity29.csproj", "{E863CB0B-AACE-46D0-82E1-678A944CF8BF}"
EndProject
Global
	GlobalSection(SolutionConfigurationPlatforms) = preSolution
		Debug|Any CPU = Debug|Any CPU
		Release|Any CPU = Release|Any CPU
	EndGlobalSection
	GlobalSection(ProjectConfigurationPlatforms) = postSolution
		{E863CB0B-AACE-46D0-82E1-678A944CF8BF}.Debug|Any CPU.ActiveCfg = Debug|Any CPU
		{E863CB0B-AACE-46D0-82E1-678A944CF8BF}.Debug|Any CPU.Build.0 = Debug|Any CPU
		{E863CB0B-AACE-46D0-82E1-678A944CF8BF}.Release|Any CPU.ActiveCfg = Release|Any CPU
		{E863CB0B-AACE-46D0-82E1-678A944CF8BF}.Release|Any CPU.Build.0 = Release|Any CPU
	EndGlobalSection
	GlobalSection(SolutionProperties) = preSolution
		HideSolutionNode = FALSE
	EndGlobalSection
	GlobalSection(ExtensibilityGlobals) = postSolution
		SolutionGuid = {77F2695A-17DA-4102-BAA3-C3C477071F45}
	EndGlobalSection
EndGlobal
